
Microsoft Visual Studio Solution File, Format Version 12.00
# Visual Studio Version 17
VisualStudioVersion = 17.14.36511.14 d17.14
MinimumVisualStudioVersion = 10.0.40219.1
Project("{FAE04EC0-301F-11D3-BF4B-00C04F79EFBC}") = "CurrConverter", "CurrConverter\CurrConverter.csproj", "{3A7F71A4-2832-4824-81AD-E3591B28D4B9}"
EndProject
Global
	GlobalSection(SolutionConfigurationPlatforms) = preSolution
		Debug|Any CPU = Debug|Any CPU
		Release|Any CPU = Release|Any CPU
	EndGlobalSection
	GlobalSection(ProjectConfigurationPlatforms) = postSolution
		{3A7F71A4-2832-4824-81AD-E3591B28D4B9}.Debug|Any CPU.ActiveCfg = Debug|Any CPU
		{3A7F71A4-2832-4824-81AD-E3591B28D4B9}.Debug|Any CPU.Build.0 = Debug|Any CPU
		{3A7F71A4-2832-4824-81AD-E3591B28D4B9}.Release|Any CPU.ActiveCfg = Release|Any CPU
		{3A7F71A4-2832-4824-81AD-E3591B28D4B9}.Release|Any CPU.Build.0 = Release|Any CPU
	EndGlobalSection
	GlobalSection(SolutionProperties) = preSolution
		HideSolutionNode = FALSE
	EndGlobalSection
	GlobalSection(ExtensibilityGlobals) = postSolution
		SolutionGuid = {D8F20E38-CC26-432E-86A0-1C62C7C51CC3}
	EndGlobalSection
EndGlobal
