
Microsoft Visual Studio Solution File, Format Version 12.00
# Visual Studio Version 17
VisualStudioVersion = 17.14.36511.14 d17.14
MinimumVisualStudioVersion = 10.0.40219.1
Project("{FAE04EC0-301F-11D3-BF4B-00C04F79EFBC}") = "TestApp", "TestApp\TestApp.csproj", "{9B59A103-926E-4877-B346-0566DD3AB17B}"
EndProject
Global
	GlobalSection(SolutionConfigurationPlatforms) = preSolution
		Debug|Any CPU = Debug|Any CPU
		Release|Any CPU = Release|Any CPU
	EndGlobalSection
	GlobalSection(ProjectConfigurationPlatforms) = postSolution
		{9B59A103-926E-4877-B346-0566DD3AB17B}.Debug|Any CPU.ActiveCfg = Debug|Any CPU
		{9B59A103-926E-4877-B346-0566DD3AB17B}.Debug|Any CPU.Build.0 = Debug|Any CPU
		{9B59A103-926E-4877-B346-0566DD3AB17B}.Release|Any CPU.ActiveCfg = Release|Any CPU
		{9B59A103-926E-4877-B346-0566DD3AB17B}.Release|Any CPU.Build.0 = Release|Any CPU
	EndGlobalSection
	GlobalSection(SolutionProperties) = preSolution
		HideSolutionNode = FALSE
	EndGlobalSection
	GlobalSection(ExtensibilityGlobals) = postSolution
		SolutionGuid = {1470E0B7-C75E-49B7-AA3C-4007F7EADB15}
	EndGlobalSection
EndGlobal
